
Microsoft Visual Studio Solution File, Format Version 12.00
# Visual Studio 15
VisualStudioVersion = 15.0.28307.1062
MinimumVisualStudioVersion = 10.0.40219.1
Project("{FAE04EC0-301F-11D3-BF4B-00C04F79EFBC}") = "TodoApi", "TodoApi\TodoApi.csproj", "{52E1E74B-DEAE-4895-821F-B1377AB743CC}"
EndProject
Global
	GlobalSection(SolutionConfigurationPlatforms) = preSolution
		Debug|Any CPU = Debug|Any CPU
		Release|Any CPU = Release|Any CPU
	EndGlobalSection
	GlobalSection(ProjectConfigurationPlatforms) = postSolution
		{52E1E74B-DEAE-4895-821F-B1377AB743CC}.Debug|Any CPU.ActiveCfg = Debug|Any CPU
		{52E1E74B-DEAE-4895-821F-B1377AB743CC}.Debug|Any CPU.Build.0 = Debug|Any CPU
		{52E1E74B-DEAE-4895-821F-B1377AB743CC}.Release|Any CPU.ActiveCfg = Release|Any CPU
		{52E1E74B-DEAE-4895-821F-B1377AB743CC}.Release|Any CPU.Build.0 = Release|Any CPU
	EndGlobalSection
	GlobalSection(SolutionProperties) = preSolution
		HideSolutionNode = FALSE
	EndGlobalSection
	GlobalSection(ExtensibilityGlobals) = postSolution
		SolutionGuid = {957CA4A6-000C-4A66-BE55-6AB7D73CE9D0}
	EndGlobalSection
EndGlobal
